# generated by rye
# use `rye lock` or `rye sync` to update this lockfile
#
# last locked with the following flags:
#   pre: false
#   features: []
#   all-features: false
#   with-sources: false
#   generate-hashes: false
#   universal: false

-e file:.
docopt-ng==0.9.0
    # via gaboon
iniconfig==2.0.0
    # via pytest
packaging==23.2
    # via pytest
pluggy==1.5.0
    # via pytest
pytest==8.2.2
    # via gaboon
